# This file was autogenerated by Stack.
# You should not edit this file by hand.
# For more information, please see the documentation at:
#   https://docs.haskellstack.org/en/stable/lock_files

packages:
- completed:
    hackage: hnix-0.16.0@sha256:b70b9dd55ec597da8cee95ddc2b3bb0c63f4ccedd075caae5784a7d7934d4b0b,21558
    pantry-tree:
      sha256: e45f25c6ebcd2e93fc39d496ea951358f5c573248ecc841fec1c10142bdb8946
      size: 27664
  original:
    hackage: hnix-0.16.0
- completed:
    hackage: hnix-store-core-0.5.0.0@sha256:16084729c4df762f438bd0f564b17d9555a2ce53c172af357de35dec8c81c747,3112
    pantry-tree:
      sha256: 9f00fbd53def0f62e484fd30c99194042f39f7681c6d102a6e79c219506a8b7c
      size: 1987
  original:
    hackage: hnix-store-core-0.5.0.0
- completed:
    hackage: hnix-store-remote-0.5.0.0@sha256:98938101cbf9e5d8287e5f2abdf6461b46972b4d92987cf8634273913feef65c,2297
    pantry-tree:
      sha256: 923086b57c31bf738eabdf2ec1e57d4f36b30013801797e6a0f356b238782a5f
      size: 1116
  original:
    hackage: hnix-store-remote-0.5.0.0
- completed:
    hackage: lucid-2.11.0@sha256:ac04fcb88e2895727fb50b4b02691530f99448e32def5212729383672f967807,3221
    pantry-tree:
      sha256: 7807d9a2441ee74fcf60ca5c9dfc7e3c903171894305e4f45b563e3d56490537
      size: 779
  original:
    hackage: lucid-2.11.0
- completed:
    hackage: relude-1.0.0.1@sha256:35bcdaf14018e79f11e712b0e2314c1aac79976f28f4adc179985457493557d5,11569
    pantry-tree:
      sha256: ead687d39d06c841de36fc214402ad4389e8837284485cfe52d975f51b274e81
      size: 4282
  original:
    hackage: relude-1.0.0.1@sha256:35bcdaf14018e79f11e712b0e2314c1aac79976f28f4adc179985457493557d5,11569
- completed:
    hackage: semialign-1.2@sha256:9afb6eb7e50db7ca34d7c4108aec0f643dae2caaaa80394b44ffdd643315685c,2721
    pantry-tree:
      sha256: 471bb476466fbc682c7673b99a3f2558c11e1fca092dc690a882a62184bedd13
      size: 537
  original:
    hackage: semialign-1.2@sha256:9afb6eb7e50db7ca34d7c4108aec0f643dae2caaaa80394b44ffdd643315685c,2721
snapshots:
- completed:
    sha256: 63539429076b7ebbab6daa7656cfb079393bf644971156dc349d7c0453694ac2
    size: 586296
    url: https://raw.githubusercontent.com/commercialhaskell/stackage-snapshots/master/lts/18/18.yaml
  original: lts-18.18
